
Microsoft Visual Studio Solution File, Format Version 12.00
# Visual Studio Version 17
VisualStudioVersion = 17.8.34525.116
MinimumVisualStudioVersion = 10.0.40219.1
Project("{FAE04EC0-301F-11D3-BF4B-00C04F79EFBC}") = "UsedSystem.Models", "UsedSystem.Models\UsedSystem.Models.csproj", "{6FE43572-CD90-4667-ABE7-BCEF2202C16E}"
EndProject
Global
	GlobalSection(SolutionConfigurationPlatforms) = preSolution
		Debug|Any CPU = Debug|Any CPU
		Release|Any CPU = Release|Any CPU
	EndGlobalSection
	GlobalSection(ProjectConfigurationPlatforms) = postSolution
		{6FE43572-CD90-4667-ABE7-BCEF2202C16E}.Debug|Any CPU.ActiveCfg = Debug|Any CPU
		{6FE43572-CD90-4667-ABE7-BCEF2202C16E}.Debug|Any CPU.Build.0 = Debug|Any CPU
		{6FE43572-CD90-4667-ABE7-BCEF2202C16E}.Release|Any CPU.ActiveCfg = Release|Any CPU
		{6FE43572-CD90-4667-ABE7-BCEF2202C16E}.Release|Any CPU.Build.0 = Release|Any CPU
	EndGlobalSection
	GlobalSection(SolutionProperties) = preSolution
		HideSolutionNode = FALSE
	EndGlobalSection
	GlobalSection(ExtensibilityGlobals) = postSolution
		SolutionGuid = {E6574583-7D5F-4EA5-AB77-4AC4E5B8DB0E}
	EndGlobalSection
EndGlobal
